// !$*UTF8*$!
{
	archiveVersion = 1;
	classes = {
	};
	objectVersion = 46;
	objects = {

/* Begin PBXBuildFile section */
		5D998CED1A39C1F100B5FDB9 /* main.m in Sources */ = {isa = PBXBuildFile; fileRef = 5D998CEC1A39C1F100B5FDB9 /* main.m */; };
		5D998CF01A39C1F100B5FDB9 /* AppDelegate.m in Sources */ = {isa = PBXBuildFile; fileRef = 5D998CEF1A39C1F100B5FDB9 /* AppDelegate.m */; };
		5D998CF31A39C1F100B5FDB9 /* ViewController.m in Sources */ = {isa = PBXBuildFile; fileRef = 5D998CF21A39C1F100B5FDB9 /* ViewController.m */; };
		5D998CF61A39C1F100B5FDB9 /* Main.storyboard in Resources */ = {isa = PBXBuildFile; fileRef = 5D998CF41A39C1F100B5FDB9 /* Main.storyboard */; };
		5D998CF81A39C1F100B5FDB9 /* Images.xcassets in Resources */ = {isa = PBXBuildFile; fileRef = 5D998CF71A39C1F100B5FDB9 /* Images.xcassets */; };
		5D998CFB1A39C1F100B5FDB9 /* LaunchScreen.xib in Resources */ = {isa = PBXBuildFile; fileRef = 5D998CF91A39C1F100B5FDB9 /* LaunchScreen.xib */; };
		5D998D071A39C1F100B5FDB9 /* DotDemoTests.m in Sources */ = {isa = PBXBuildFile; fileRef = 5D998D061A39C1F100B5FDB9 /* DotDemoTests.m */; };
		5D998D201A39C29000B5FDB9 /* CBUUID+StringExtraction.m in Sources */ = {isa = PBXBuildFile; fileRef = 5D998D141A39C29000B5FDB9 /* CBUUID+StringExtraction.m */; };
		5D998D211A39C29000B5FDB9 /* LGCentralManager.m in Sources */ = {isa = PBXBuildFile; fileRef = 5D998D171A39C29000B5FDB9 /* LGCentralManager.m */; };
		5D998D221A39C29000B5FDB9 /* LGCharacteristic.m in Sources */ = {isa = PBXBuildFile; fileRef = 5D998D191A39C29000B5FDB9 /* LGCharacteristic.m */; };
		5D998D231A39C29000B5FDB9 /* LGPeripheral.m in Sources */ = {isa = PBXBuildFile; fileRef = 5D998D1B1A39C29000B5FDB9 /* LGPeripheral.m */; };
		5D998D241A39C29000B5FDB9 /* LGService.m in Sources */ = {isa = PBXBuildFile; fileRef = 5D998D1D1A39C29000B5FDB9 /* LGService.m */; };
		5D998D251A39C29000B5FDB9 /* LGUtils.m in Sources */ = {isa = PBXBuildFile; fileRef = 5D998D1F1A39C29000B5FDB9 /* LGUtils.m */; };
		5D998D301A39C6AC00B5FDB9 /* BLEManager.m in Sources */ = {isa = PBXBuildFile; fileRef = 5D998D2F1A39C6AC00B5FDB9 /* BLEManager.m */; };
		5D998D341A39DAF000B5FDB9 /* MainMenuViewController.m in Sources */ = {isa = PBXBuildFile; fileRef = 5D998D331A39DAF000B5FDB9 /* MainMenuViewController.m */; };
		5D998D371A39DBE800B5FDB9 /* mainmenu.xib in Resources */ = {isa = PBXBuildFile; fileRef = 5D998D361A39DBE800B5FDB9 /* mainmenu.xib */; };
		5D998D3B1A39DCAB00B5FDB9 /* MainMenuTableViewCell.m in Sources */ = {isa = PBXBuildFile; fileRef = 5D998D391A39DCAB00B5FDB9 /* MainMenuTableViewCell.m */; };
		5D998D3C1A39DCAB00B5FDB9 /* MainMenuTableViewCell.xib in Resources */ = {isa = PBXBuildFile; fileRef = 5D998D3A1A39DCAB00B5FDB9 /* MainMenuTableViewCell.xib */; };
		5D998D441A39DDFF00B5FDB9 /* alarm_icon.png in Resources */ = {isa = PBXBuildFile; fileRef = 5D998D3E1A39DDFF00B5FDB9 /* alarm_icon.png */; };
		5D998D451A39DDFF00B5FDB9 /* bus_icon.png in Resources */ = {isa = PBXBuildFile; fileRef = 5D998D3F1A39DDFF00B5FDB9 /* bus_icon.png */; };
		5D998D461A39DDFF00B5FDB9 /* msg_icon.png in Resources */ = {isa = PBXBuildFile; fileRef = 5D998D401A39DDFF00B5FDB9 /* msg_icon.png */; };
		5D998D471A39DDFF00B5FDB9 /* next_icon.png in Resources */ = {isa = PBXBuildFile; fileRef = 5D998D411A39DDFF00B5FDB9 /* next_icon.png */; };
		5D998D481A39DDFF00B5FDB9 /* settings_icon.png in Resources */ = {isa = PBXBuildFile; fileRef = 5D998D421A39DDFF00B5FDB9 /* settings_icon.png */; };
		5D998D491A39DDFF00B5FDB9 /* time_icon.png in Resources */ = {isa = PBXBuildFile; fileRef = 5D998D431A39DDFF00B5FDB9 /* time_icon.png */; };
		5D998D4E1A39E95100B5FDB9 /* ContactItemCell.m in Sources */ = {isa = PBXBuildFile; fileRef = 5D998D4C1A39E95100B5FDB9 /* ContactItemCell.m */; };
		5D998D4F1A39E95100B5FDB9 /* ContactItemCell.xib in Resources */ = {isa = PBXBuildFile; fileRef = 5D998D4D1A39E95100B5FDB9 /* ContactItemCell.xib */; };
		5D998D521A39E97100B5FDB9 /* ContactViewController.m in Sources */ = {isa = PBXBuildFile; fileRef = 5D998D511A39E97100B5FDB9 /* ContactViewController.m */; };
		5D998D571A39EDF600B5FDB9 /* DotAPI.m in Sources */ = {isa = PBXBuildFile; fileRef = 5D998D561A39EDF600B5FDB9 /* DotAPI.m */; };
		5D998D5B1A39F2F600B5FDB9 /* Account.m in Sources */ = {isa = PBXBuildFile; fileRef = 5D998D5A1A39F2F600B5FDB9 /* Account.m */; };
		5D998D5F1A39F6D000B5FDB9 /* LoginViewController.m in Sources */ = {isa = PBXBuildFile; fileRef = 5D998D5E1A39F6D000B5FDB9 /* LoginViewController.m */; };
		5D998D631A39FAB700B5FDB9 /* KeyboardViewController.m in Sources */ = {isa = PBXBuildFile; fileRef = 5D998D621A39FAB700B5FDB9 /* KeyboardViewController.m */; };
		5D998D681A39FE4900B5FDB9 /* Contact.m in Sources */ = {isa = PBXBuildFile; fileRef = 5D998D671A39FE4900B5FDB9 /* Contact.m */; };
		5D998D6C1A3A0D0C00B5FDB9 /* MessageViewController.m in Sources */ = {isa = PBXBuildFile; fileRef = 5D998D6B1A3A0D0C00B5FDB9 /* MessageViewController.m */; };
		5D998D701A3A104E00B5FDB9 /* MessageItemCell.m in Sources */ = {isa = PBXBuildFile; fileRef = 5D998D6E1A3A104E00B5FDB9 /* MessageItemCell.m */; };
		5D998D711A3A104E00B5FDB9 /* MessageItemCell.xib in Resources */ = {isa = PBXBuildFile; fileRef = 5D998D6F1A3A104E00B5FDB9 /* MessageItemCell.xib */; };
		5D998D751A3A19E500B5FDB9 /* Message.m in Sources */ = {isa = PBXBuildFile; fileRef = 5D998D741A3A19E500B5FDB9 /* Message.m */; };
		5D998D861A3A2E8C00B5FDB9 /* SocketIO.m in Sources */ = {isa = PBXBuildFile; fileRef = 5D998D7C1A3A2E8C00B5FDB9 /* SocketIO.m */; };
		5D998D871A3A2E8C00B5FDB9 /* SocketIOJSONSerialization.m in Sources */ = {isa = PBXBuildFile; fileRef = 5D998D7E1A3A2E8C00B5FDB9 /* SocketIOJSONSerialization.m */; };
		5D998D881A3A2E8C00B5FDB9 /* SocketIOPacket.m in Sources */ = {isa = PBXBuildFile; fileRef = 5D998D801A3A2E8C00B5FDB9 /* SocketIOPacket.m */; };
		5D998D891A3A2E8C00B5FDB9 /* SocketIOTransportWebsocket.m in Sources */ = {isa = PBXBuildFile; fileRef = 5D998D831A3A2E8C00B5FDB9 /* SocketIOTransportWebsocket.m */; };
		5D998D8A1A3A2E8C00B5FDB9 /* SocketIOTransportXHR.m in Sources */ = {isa = PBXBuildFile; fileRef = 5D998D851A3A2E8C00B5FDB9 /* SocketIOTransportXHR.m */; };
		5D998D951A3A314300B5FDB9 /* libicucore.dylib in Frameworks */ = {isa = PBXBuildFile; fileRef = 5D998D941A3A314300B5FDB9 /* libicucore.dylib */; };
		5D998D971A3A314A00B5FDB9 /* CFNetwork.framework in Frameworks */ = {isa = PBXBuildFile; fileRef = 5D998D961A3A314A00B5FDB9 /* CFNetwork.framework */; };
		5D998D991A3A315500B5FDB9 /* Security.framework in Frameworks */ = {isa = PBXBuildFile; fileRef = 5D998D981A3A315500B5FDB9 /* Security.framework */; };
		5D998D9B1A3A315F00B5FDB9 /* Foundation.framework in Frameworks */ = {isa = PBXBuildFile; fileRef = 5D998D9A1A3A315F00B5FDB9 /* Foundation.framework */; };
		5D998DA01A3A31A200B5FDB9 /* SRWebSocket.m in Sources */ = {isa = PBXBuildFile; fileRef = 5D998D9F1A3A31A200B5FDB9 /* SRWebSocket.m */; };
/* End PBXBuildFile section */

/* Begin PBXContainerItemProxy section */
		5D998D011A39C1F100B5FDB9 /* PBXContainerItemProxy */ = {
			isa = PBXContainerItemProxy;
			containerPortal = 5D998CDF1A39C1F100B5FDB9 /* Project object */;
			proxyType = 1;
			remoteGlobalIDString = 5D998CE61A39C1F100B5FDB9;
			remoteInfo = DotDemo;
		};
/* End PBXContainerItemProxy section */

/* Begin PBXFileReference section */
		5D998CE71A39C1F100B5FDB9 /* DotDemo.app */ = {isa = PBXFileReference; explicitFileType = wrapper.application; includeInIndex = 0; path = DotDemo.app; sourceTree = BUILT_PRODUCTS_DIR; };
		5D998CEB1A39C1F100B5FDB9 /* Info.plist */ = {isa = PBXFileReference; lastKnownFileType = text.plist.xml; path = Info.plist; sourceTree = "<group>"; };
		5D998CEC1A39C1F100B5FDB9 /* main.m */ = {isa = PBXFileReference; lastKnownFileType = sourcecode.c.objc; path = main.m; sourceTree = "<group>"; };
		5D998CEE1A39C1F100B5FDB9 /* AppDelegate.h */ = {isa = PBXFileReference; lastKnownFileType = sourcecode.c.h; path = AppDelegate.h; sourceTree = "<group>"; };
		5D998CEF1A39C1F100B5FDB9 /* AppDelegate.m */ = {isa = PBXFileReference; lastKnownFileType = sourcecode.c.objc; path = AppDelegate.m; sourceTree = "<group>"; };
		5D998CF11A39C1F100B5FDB9 /* ViewController.h */ = {isa = PBXFileReference; lastKnownFileType = sourcecode.c.h; path = ViewController.h; sourceTree = "<group>"; };
		5D998CF21A39C1F100B5FDB9 /* ViewController.m */ = {isa = PBXFileReference; lastKnownFileType = sourcecode.c.objc; path = ViewController.m; sourceTree = "<group>"; };
		5D998CF51A39C1F100B5FDB9 /* Base */ = {isa = PBXFileReference; lastKnownFileType = file.storyboard; name = Base; path = Base.lproj/Main.storyboard; sourceTree = "<group>"; };
		5D998CF71A39C1F100B5FDB9 /* Images.xcassets */ = {isa = PBXFileReference; lastKnownFileType = folder.assetcatalog; path = Images.xcassets; sourceTree = "<group>"; };
		5D998CFA1A39C1F100B5FDB9 /* Base */ = {isa = PBXFileReference; lastKnownFileType = file.xib; name = Base; path = Base.lproj/LaunchScreen.xib; sourceTree = "<group>"; };
		5D998D001A39C1F100B5FDB9 /* DotDemoTests.xctest */ = {isa = PBXFileReference; explicitFileType = wrapper.cfbundle; includeInIndex = 0; path = DotDemoTests.xctest; sourceTree = BUILT_PRODUCTS_DIR; };
		5D998D051A39C1F100B5FDB9 /* Info.plist */ = {isa = PBXFileReference; lastKnownFileType = text.plist.xml; path = Info.plist; sourceTree = "<group>"; };
		5D998D061A39C1F100B5FDB9 /* DotDemoTests.m */ = {isa = PBXFileReference; lastKnownFileType = sourcecode.c.objc; path = DotDemoTests.m; sourceTree = "<group>"; };
		5D998D131A39C29000B5FDB9 /* CBUUID+StringExtraction.h */ = {isa = PBXFileReference; fileEncoding = 4; lastKnownFileType = sourcecode.c.h; path = "CBUUID+StringExtraction.h"; sourceTree = "<group>"; };
		5D998D141A39C29000B5FDB9 /* CBUUID+StringExtraction.m */ = {isa = PBXFileReference; fileEncoding = 4; lastKnownFileType = sourcecode.c.objc; path = "CBUUID+StringExtraction.m"; sourceTree = "<group>"; };
		5D998D151A39C29000B5FDB9 /* LGBluetooth.h */ = {isa = PBXFileReference; fileEncoding = 4; lastKnownFileType = sourcecode.c.h; path = LGBluetooth.h; sourceTree = "<group>"; };
		5D998D161A39C29000B5FDB9 /* LGCentralManager.h */ = {isa = PBXFileReference; fileEncoding = 4; lastKnownFileType = sourcecode.c.h; path = LGCentralManager.h; sourceTree = "<group>"; };
		5D998D171A39C29000B5FDB9 /* LGCentralManager.m */ = {isa = PBXFileReference; fileEncoding = 4; lastKnownFileType = sourcecode.c.objc; path = LGCentralManager.m; sourceTree = "<group>"; };
		5D998D181A39C29000B5FDB9 /* LGCharacteristic.h */ = {isa = PBXFileReference; fileEncoding = 4; lastKnownFileType = sourcecode.c.h; path = LGCharacteristic.h; sourceTree = "<group>"; };
		5D998D191A39C29000B5FDB9 /* LGCharacteristic.m */ = {isa = PBXFileReference; fileEncoding = 4; lastKnownFileType = sourcecode.c.objc; path = LGCharacteristic.m; sourceTree = "<group>"; };
		5D998D1A1A39C29000B5FDB9 /* LGPeripheral.h */ = {isa = PBXFileReference; fileEncoding = 4; lastKnownFileType = sourcecode.c.h; path = LGPeripheral.h; sourceTree = "<group>"; };
		5D998D1B1A39C29000B5FDB9 /* LGPeripheral.m */ = {isa = PBXFileReference; fileEncoding = 4; lastKnownFileType = sourcecode.c.objc; path = LGPeripheral.m; sourceTree = "<group>"; };
		5D998D1C1A39C29000B5FDB9 /* LGService.h */ = {isa = PBXFileReference; fileEncoding = 4; lastKnownFileType = sourcecode.c.h; path = LGService.h; sourceTree = "<group>"; };
		5D998D1D1A39C29000B5FDB9 /* LGService.m */ = {isa = PBXFileReference; fileEncoding = 4; lastKnownFileType = sourcecode.c.objc; path = LGService.m; sourceTree = "<group>"; };
		5D998D1E1A39C29000B5FDB9 /* LGUtils.h */ = {isa = PBXFileReference; fileEncoding = 4; lastKnownFileType = sourcecode.c.h; path = LGUtils.h; sourceTree = "<group>"; };
		5D998D1F1A39C29000B5FDB9 /* LGUtils.m */ = {isa = PBXFileReference; fileEncoding = 4; lastKnownFileType = sourcecode.c.objc; path = LGUtils.m; sourceTree = "<group>"; };
		5D998D2E1A39C6AC00B5FDB9 /* BLEManager.h */ = {isa = PBXFileReference; fileEncoding = 4; lastKnownFileType = sourcecode.c.h; path = BLEManager.h; sourceTree = "<group>"; };
		5D998D2F1A39C6AC00B5FDB9 /* BLEManager.m */ = {isa = PBXFileReference; fileEncoding = 4; lastKnownFileType = sourcecode.c.objc; path = BLEManager.m; sourceTree = "<group>"; };
		5D998D321A39DAF000B5FDB9 /* MainMenuViewController.h */ = {isa = PBXFileReference; fileEncoding = 4; lastKnownFileType = sourcecode.c.h; path = MainMenuViewController.h; sourceTree = "<group>"; };
		5D998D331A39DAF000B5FDB9 /* MainMenuViewController.m */ = {isa = PBXFileReference; fileEncoding = 4; lastKnownFileType = sourcecode.c.objc; path = MainMenuViewController.m; sourceTree = "<group>"; };
		5D998D361A39DBE800B5FDB9 /* mainmenu.xib */ = {isa = PBXFileReference; fileEncoding = 4; lastKnownFileType = file.xib; path = mainmenu.xib; sourceTree = "<group>"; };
		5D998D381A39DCAB00B5FDB9 /* MainMenuTableViewCell.h */ = {isa = PBXFileReference; fileEncoding = 4; lastKnownFileType = sourcecode.c.h; path = MainMenuTableViewCell.h; sourceTree = "<group>"; };
		5D998D391A39DCAB00B5FDB9 /* MainMenuTableViewCell.m */ = {isa = PBXFileReference; fileEncoding = 4; lastKnownFileType = sourcecode.c.objc; path = MainMenuTableViewCell.m; sourceTree = "<group>"; };
		5D998D3A1A39DCAB00B5FDB9 /* MainMenuTableViewCell.xib */ = {isa = PBXFileReference; fileEncoding = 4; lastKnownFileType = file.xib; path = MainMenuTableViewCell.xib; sourceTree = "<group>"; };
		5D998D3E1A39DDFF00B5FDB9 /* alarm_icon.png */ = {isa = PBXFileReference; lastKnownFileType = image.png; path = alarm_icon.png; sourceTree = "<group>"; };
		5D998D3F1A39DDFF00B5FDB9 /* bus_icon.png */ = {isa = PBXFileReference; lastKnownFileType = image.png; path = bus_icon.png; sourceTree = "<group>"; };
		5D998D401A39DDFF00B5FDB9 /* msg_icon.png */ = {isa = PBXFileReference; lastKnownFileType = image.png; path = msg_icon.png; sourceTree = "<group>"; };
		5D998D411A39DDFF00B5FDB9 /* next_icon.png */ = {isa = PBXFileReference; lastKnownFileType = image.png; path = next_icon.png; sourceTree = "<group>"; };
		5D998D421A39DDFF00B5FDB9 /* settings_icon.png */ = {isa = PBXFileReference; lastKnownFileType = image.png; path = settings_icon.png; sourceTree = "<group>"; };
		5D998D431A39DDFF00B5FDB9 /* time_icon.png */ = {isa = PBXFileReference; lastKnownFileType = image.png; path = time_icon.png; sourceTree = "<group>"; };
		5D998D4B1A39E95100B5FDB9 /* ContactItemCell.h */ = {isa = PBXFileReference; fileEncoding = 4; lastKnownFileType = sourcecode.c.h; path = ContactItemCell.h; sourceTree = "<group>"; };
		5D998D4C1A39E95100B5FDB9 /* ContactItemCell.m */ = {isa = PBXFileReference; fileEncoding = 4; lastKnownFileType = sourcecode.c.objc; path = ContactItemCell.m; sourceTree = "<group>"; };
		5D998D4D1A39E95100B5FDB9 /* ContactItemCell.xib */ = {isa = PBXFileReference; fileEncoding = 4; lastKnownFileType = file.xib; path = ContactItemCell.xib; sourceTree = "<group>"; };
		5D998D501A39E97100B5FDB9 /* ContactViewController.h */ = {isa = PBXFileReference; fileEncoding = 4; lastKnownFileType = sourcecode.c.h; path = ContactViewController.h; sourceTree = "<group>"; };
		5D998D511A39E97100B5FDB9 /* ContactViewController.m */ = {isa = PBXFileReference; fileEncoding = 4; lastKnownFileType = sourcecode.c.objc; path = ContactViewController.m; sourceTree = "<group>"; };
		5D998D551A39EDF600B5FDB9 /* DotAPI.h */ = {isa = PBXFileReference; fileEncoding = 4; lastKnownFileType = sourcecode.c.h; path = DotAPI.h; sourceTree = "<group>"; };
		5D998D561A39EDF600B5FDB9 /* DotAPI.m */ = {isa = PBXFileReference; fileEncoding = 4; lastKnownFileType = sourcecode.c.objc; path = DotAPI.m; sourceTree = "<group>"; };
		5D998D591A39F2F600B5FDB9 /* Account.h */ = {isa = PBXFileReference; fileEncoding = 4; lastKnownFileType = sourcecode.c.h; path = Account.h; sourceTree = "<group>"; };
		5D998D5A1A39F2F600B5FDB9 /* Account.m */ = {isa = PBXFileReference; fileEncoding = 4; lastKnownFileType = sourcecode.c.objc; path = Account.m; sourceTree = "<group>"; };
		5D998D5D1A39F6D000B5FDB9 /* LoginViewController.h */ = {isa = PBXFileReference; fileEncoding = 4; lastKnownFileType = sourcecode.c.h; path = LoginViewController.h; sourceTree = "<group>"; };
		5D998D5E1A39F6D000B5FDB9 /* LoginViewController.m */ = {isa = PBXFileReference; fileEncoding = 4; lastKnownFileType = sourcecode.c.objc; path = LoginViewController.m; sourceTree = "<group>"; };
		5D998D611A39FAB700B5FDB9 /* KeyboardViewController.h */ = {isa = PBXFileReference; fileEncoding = 4; lastKnownFileType = sourcecode.c.h; path = KeyboardViewController.h; sourceTree = "<group>"; };
		5D998D621A39FAB700B5FDB9 /* KeyboardViewController.m */ = {isa = PBXFileReference; fileEncoding = 4; lastKnownFileType = sourcecode.c.objc; path = KeyboardViewController.m; sourceTree = "<group>"; };
		5D998D661A39FE4900B5FDB9 /* Contact.h */ = {isa = PBXFileReference; fileEncoding = 4; lastKnownFileType = sourcecode.c.h; path = Contact.h; sourceTree = "<group>"; };
		5D998D671A39FE4900B5FDB9 /* Contact.m */ = {isa = PBXFileReference; fileEncoding = 4; lastKnownFileType = sourcecode.c.objc; path = Contact.m; sourceTree = "<group>"; };
		5D998D6A1A3A0D0C00B5FDB9 /* MessageViewController.h */ = {isa = PBXFileReference; fileEncoding = 4; lastKnownFileType = sourcecode.c.h; path = MessageViewController.h; sourceTree = "<group>"; };
		5D998D6B1A3A0D0C00B5FDB9 /* MessageViewController.m */ = {isa = PBXFileReference; fileEncoding = 4; lastKnownFileType = sourcecode.c.objc; path = MessageViewController.m; sourceTree = "<group>"; };
		5D998D6D1A3A104E00B5FDB9 /* MessageItemCell.h */ = {isa = PBXFileReference; fileEncoding = 4; lastKnownFileType = sourcecode.c.h; path = MessageItemCell.h; sourceTree = "<group>"; };
		5D998D6E1A3A104E00B5FDB9 /* MessageItemCell.m */ = {isa = PBXFileReference; fileEncoding = 4; lastKnownFileType = sourcecode.c.objc; path = MessageItemCell.m; sourceTree = "<group>"; };
		5D998D6F1A3A104E00B5FDB9 /* MessageItemCell.xib */ = {isa = PBXFileReference; fileEncoding = 4; lastKnownFileType = file.xib; path = MessageItemCell.xib; sourceTree = "<group>"; };
		5D998D731A3A19E500B5FDB9 /* Message.h */ = {isa = PBXFileReference; fileEncoding = 4; lastKnownFileType = sourcecode.c.h; path = Message.h; sourceTree = "<group>"; };
		5D998D741A3A19E500B5FDB9 /* Message.m */ = {isa = PBXFileReference; fileEncoding = 4; lastKnownFileType = sourcecode.c.objc; path = Message.m; sourceTree = "<group>"; };
		5D998D7B1A3A2E8C00B5FDB9 /* SocketIO.h */ = {isa = PBXFileReference; fileEncoding = 4; lastKnownFileType = sourcecode.c.h; path = SocketIO.h; sourceTree = "<group>"; };
		5D998D7C1A3A2E8C00B5FDB9 /* SocketIO.m */ = {isa = PBXFileReference; fileEncoding = 4; lastKnownFileType = sourcecode.c.objc; path = SocketIO.m; sourceTree = "<group>"; };
		5D998D7D1A3A2E8C00B5FDB9 /* SocketIOJSONSerialization.h */ = {isa = PBXFileReference; fileEncoding = 4; lastKnownFileType = sourcecode.c.h; path = SocketIOJSONSerialization.h; sourceTree = "<group>"; };
		5D998D7E1A3A2E8C00B5FDB9 /* SocketIOJSONSerialization.m */ = {isa = PBXFileReference; fileEncoding = 4; lastKnownFileType = sourcecode.c.objc; path = SocketIOJSONSerialization.m; sourceTree = "<group>"; };
		5D998D7F1A3A2E8C00B5FDB9 /* SocketIOPacket.h */ = {isa = PBXFileReference; fileEncoding = 4; lastKnownFileType = sourcecode.c.h; path = SocketIOPacket.h; sourceTree = "<group>"; };
		5D998D801A3A2E8C00B5FDB9 /* SocketIOPacket.m */ = {isa = PBXFileReference; fileEncoding = 4; lastKnownFileType = sourcecode.c.objc; path = SocketIOPacket.m; sourceTree = "<group>"; };
		5D998D811A3A2E8C00B5FDB9 /* SocketIOTransport.h */ = {isa = PBXFileReference; fileEncoding = 4; lastKnownFileType = sourcecode.c.h; path = SocketIOTransport.h; sourceTree = "<group>"; };
		5D998D821A3A2E8C00B5FDB9 /* SocketIOTransportWebsocket.h */ = {isa = PBXFileReference; fileEncoding = 4; lastKnownFileType = sourcecode.c.h; path = SocketIOTransportWebsocket.h; sourceTree = "<group>"; };
		5D998D831A3A2E8C00B5FDB9 /* SocketIOTransportWebsocket.m */ = {isa = PBXFileReference; fileEncoding = 4; lastKnownFileType = sourcecode.c.objc; path = SocketIOTransportWebsocket.m; sourceTree = "<group>"; };
		5D998D841A3A2E8C00B5FDB9 /* SocketIOTransportXHR.h */ = {isa = PBXFileReference; fileEncoding = 4; lastKnownFileType = sourcecode.c.h; path = SocketIOTransportXHR.h; sourceTree = "<group>"; };
		5D998D851A3A2E8C00B5FDB9 /* SocketIOTransportXHR.m */ = {isa = PBXFileReference; fileEncoding = 4; lastKnownFileType = sourcecode.c.objc; path = SocketIOTransportXHR.m; sourceTree = "<group>"; };
		5D998D941A3A314300B5FDB9 /* libicucore.dylib */ = {isa = PBXFileReference; lastKnownFileType = "compiled.mach-o.dylib"; name = libicucore.dylib; path = usr/lib/libicucore.dylib; sourceTree = SDKROOT; };
		5D998D961A3A314A00B5FDB9 /* CFNetwork.framework */ = {isa = PBXFileReference; lastKnownFileType = wrapper.framework; name = CFNetwork.framework; path = System/Library/Frameworks/CFNetwork.framework; sourceTree = SDKROOT; };
		5D998D981A3A315500B5FDB9 /* Security.framework */ = {isa = PBXFileReference; lastKnownFileType = wrapper.framework; name = Security.framework; path = System/Library/Frameworks/Security.framework; sourceTree = SDKROOT; };
		5D998D9A1A3A315F00B5FDB9 /* Foundation.framework */ = {isa = PBXFileReference; lastKnownFileType = wrapper.framework; name = Foundation.framework; path = System/Library/Frameworks/Foundation.framework; sourceTree = SDKROOT; };
		5D998D9D1A3A31A200B5FDB9 /* SocketRocket-Prefix.pch */ = {isa = PBXFileReference; fileEncoding = 4; lastKnownFileType = sourcecode.c.h; path = "SocketRocket-Prefix.pch"; sourceTree = "<group>"; };
		5D998D9E1A3A31A200B5FDB9 /* SRWebSocket.h */ = {isa = PBXFileReference; fileEncoding = 4; lastKnownFileType = sourcecode.c.h; path = SRWebSocket.h; sourceTree = "<group>"; };
		5D998D9F1A3A31A200B5FDB9 /* SRWebSocket.m */ = {isa = PBXFileReference; fileEncoding = 4; lastKnownFileType = sourcecode.c.objc; path = SRWebSocket.m; sourceTree = "<group>"; };
/* End PBXFileReference section */

/* Begin PBXFrameworksBuildPhase section */
		5D998CE41A39C1F100B5FDB9 /* Frameworks */ = {
			isa = PBXFrameworksBuildPhase;
			buildActionMask = 2147483647;
			files = (
				5D998D9B1A3A315F00B5FDB9 /* Foundation.framework in Frameworks */,
				5D998D991A3A315500B5FDB9 /* Security.framework in Frameworks */,
				5D998D971A3A314A00B5FDB9 /* CFNetwork.framework in Frameworks */,
				5D998D951A3A314300B5FDB9 /* libicucore.dylib in Frameworks */,
			);
			runOnlyForDeploymentPostprocessing = 0;
		};
		5D998CFD1A39C1F100B5FDB9 /* Frameworks */ = {
			isa = PBXFrameworksBuildPhase;
			buildActionMask = 2147483647;
			files = (
			);
			runOnlyForDeploymentPostprocessing = 0;
		};
/* End PBXFrameworksBuildPhase section */

/* Begin PBXGroup section */
		5D998CDE1A39C1F100B5FDB9 = {
			isa = PBXGroup;
			children = (
				5D998D9A1A3A315F00B5FDB9 /* Foundation.framework */,
				5D998D981A3A315500B5FDB9 /* Security.framework */,
				5D998D961A3A314A00B5FDB9 /* CFNetwork.framework */,
				5D998D941A3A314300B5FDB9 /* libicucore.dylib */,
				5D998CE91A39C1F100B5FDB9 /* DotDemo */,
				5D998D031A39C1F100B5FDB9 /* DotDemoTests */,
				5D998CE81A39C1F100B5FDB9 /* Products */,
			);
			sourceTree = "<group>";
		};
		5D998CE81A39C1F100B5FDB9 /* Products */ = {
			isa = PBXGroup;
			children = (
				5D998CE71A39C1F100B5FDB9 /* DotDemo.app */,
				5D998D001A39C1F100B5FDB9 /* DotDemoTests.xctest */,
			);
			name = Products;
			sourceTree = "<group>";
		};
		5D998CE91A39C1F100B5FDB9 /* DotDemo */ = {
			isa = PBXGroup;
			children = (
				5D998D261A39C29C00B5FDB9 /* View */,
				5D998D101A39C25200B5FDB9 /* Model */,
				5D998CEE1A39C1F100B5FDB9 /* AppDelegate.h */,
				5D998CEF1A39C1F100B5FDB9 /* AppDelegate.m */,
				5D998CF11A39C1F100B5FDB9 /* ViewController.h */,
				5D998CF21A39C1F100B5FDB9 /* ViewController.m */,
				5D998CF41A39C1F100B5FDB9 /* Main.storyboard */,
				5D998CF71A39C1F100B5FDB9 /* Images.xcassets */,
				5D998CF91A39C1F100B5FDB9 /* LaunchScreen.xib */,
				5D998CEA1A39C1F100B5FDB9 /* Supporting Files */,
			);
			path = DotDemo;
			sourceTree = "<group>";
		};
		5D998CEA1A39C1F100B5FDB9 /* Supporting Files */ = {
			isa = PBXGroup;
			children = (
				5D998CEB1A39C1F100B5FDB9 /* Info.plist */,
				5D998CEC1A39C1F100B5FDB9 /* main.m */,
			);
			name = "Supporting Files";
			sourceTree = "<group>";
		};
		5D998D031A39C1F100B5FDB9 /* DotDemoTests */ = {
			isa = PBXGroup;
			children = (
				5D998D061A39C1F100B5FDB9 /* DotDemoTests.m */,
				5D998D041A39C1F100B5FDB9 /* Supporting Files */,
			);
			path = DotDemoTests;
			sourceTree = "<group>";
		};
		5D998D041A39C1F100B5FDB9 /* Supporting Files */ = {
			isa = PBXGroup;
			children = (
				5D998D051A39C1F100B5FDB9 /* Info.plist */,
			);
			name = "Supporting Files";
			sourceTree = "<group>";
		};
		5D998D101A39C25200B5FDB9 /* Model */ = {
			isa = PBXGroup;
			children = (
				5D998D761A3A216600B5FDB9 /* SocketIO */,
				5D998D721A3A19D000B5FDB9 /* Message */,
				5D998D641A39FE2A00B5FDB9 /* Contact */,
				5D998D581A39F2E700B5FDB9 /* Account */,
				5D998D541A39ED7F00B5FDB9 /* API */,
				5D998D111A39C26300B5FDB9 /* Bluetooth */,
			);
			name = Model;
			sourceTree = "<group>";
		};
		5D998D111A39C26300B5FDB9 /* Bluetooth */ = {
			isa = PBXGroup;
			children = (
				5D998D2E1A39C6AC00B5FDB9 /* BLEManager.h */,
				5D998D2F1A39C6AC00B5FDB9 /* BLEManager.m */,
				5D998D121A39C29000B5FDB9 /* LGBluetooth */,
			);
			name = Bluetooth;
			sourceTree = "<group>";
		};
		5D998D121A39C29000B5FDB9 /* LGBluetooth */ = {
			isa = PBXGroup;
			children = (
				5D998D131A39C29000B5FDB9 /* CBUUID+StringExtraction.h */,
				5D998D141A39C29000B5FDB9 /* CBUUID+StringExtraction.m */,
				5D998D151A39C29000B5FDB9 /* LGBluetooth.h */,
				5D998D161A39C29000B5FDB9 /* LGCentralManager.h */,
				5D998D171A39C29000B5FDB9 /* LGCentralManager.m */,
				5D998D181A39C29000B5FDB9 /* LGCharacteristic.h */,
				5D998D191A39C29000B5FDB9 /* LGCharacteristic.m */,
				5D998D1A1A39C29000B5FDB9 /* LGPeripheral.h */,
				5D998D1B1A39C29000B5FDB9 /* LGPeripheral.m */,
				5D998D1C1A39C29000B5FDB9 /* LGService.h */,
				5D998D1D1A39C29000B5FDB9 /* LGService.m */,
				5D998D1E1A39C29000B5FDB9 /* LGUtils.h */,
				5D998D1F1A39C29000B5FDB9 /* LGUtils.m */,
			);
			path = LGBluetooth;
			sourceTree = "<group>";
		};
		5D998D261A39C29C00B5FDB9 /* View */ = {
			isa = PBXGroup;
			children = (
				5D998D691A3A0CDD00B5FDB9 /* Messaging */,
				5D998D601A39FA9C00B5FDB9 /* Keyboard */,
				5D998D5C1A39F6B700B5FDB9 /* Login */,
				5D998D4A1A39E92700B5FDB9 /* Contacts */,
				5D998D3D1A39DDEB00B5FDB9 /* Images */,
				5D998D351A39DBB500B5FDB9 /* Custom */,
				5D998D311A39DAC200B5FDB9 /* MainMenu */,
			);
			name = View;
			sourceTree = "<group>";
		};
		5D998D311A39DAC200B5FDB9 /* MainMenu */ = {
			isa = PBXGroup;
			children = (
				5D998D321A39DAF000B5FDB9 /* MainMenuViewController.h */,
				5D998D331A39DAF000B5FDB9 /* MainMenuViewController.m */,
				5D998D381A39DCAB00B5FDB9 /* MainMenuTableViewCell.h */,
				5D998D391A39DCAB00B5FDB9 /* MainMenuTableViewCell.m */,
				5D998D3A1A39DCAB00B5FDB9 /* MainMenuTableViewCell.xib */,
			);
			name = MainMenu;
			sourceTree = "<group>";
		};
		5D998D351A39DBB500B5FDB9 /* Custom */ = {
			isa = PBXGroup;
			children = (
				5D998D361A39DBE800B5FDB9 /* mainmenu.xib */,
			);
			name = Custom;
			sourceTree = "<group>";
		};
		5D998D3D1A39DDEB00B5FDB9 /* Images */ = {
			isa = PBXGroup;
			children = (
				5D998D3E1A39DDFF00B5FDB9 /* alarm_icon.png */,
				5D998D3F1A39DDFF00B5FDB9 /* bus_icon.png */,
				5D998D401A39DDFF00B5FDB9 /* msg_icon.png */,
				5D998D411A39DDFF00B5FDB9 /* next_icon.png */,
				5D998D421A39DDFF00B5FDB9 /* settings_icon.png */,
				5D998D431A39DDFF00B5FDB9 /* time_icon.png */,
			);
			name = Images;
			sourceTree = "<group>";
		};
		5D998D4A1A39E92700B5FDB9 /* Contacts */ = {
			isa = PBXGroup;
			children = (
				5D998D4B1A39E95100B5FDB9 /* ContactItemCell.h */,
				5D998D4C1A39E95100B5FDB9 /* ContactItemCell.m */,
				5D998D4D1A39E95100B5FDB9 /* ContactItemCell.xib */,
				5D998D501A39E97100B5FDB9 /* ContactViewController.h */,
				5D998D511A39E97100B5FDB9 /* ContactViewController.m */,
			);
			name = Contacts;
			sourceTree = "<group>";
		};
		5D998D541A39ED7F00B5FDB9 /* API */ = {
			isa = PBXGroup;
			children = (
				5D998D551A39EDF600B5FDB9 /* DotAPI.h */,
				5D998D561A39EDF600B5FDB9 /* DotAPI.m */,
			);
			name = API;
			sourceTree = "<group>";
		};
		5D998D581A39F2E700B5FDB9 /* Account */ = {
			isa = PBXGroup;
			children = (
				5D998D591A39F2F600B5FDB9 /* Account.h */,
				5D998D5A1A39F2F600B5FDB9 /* Account.m */,
			);
			name = Account;
			sourceTree = "<group>";
		};
		5D998D5C1A39F6B700B5FDB9 /* Login */ = {
			isa = PBXGroup;
			children = (
				5D998D5D1A39F6D000B5FDB9 /* LoginViewController.h */,
				5D998D5E1A39F6D000B5FDB9 /* LoginViewController.m */,
			);
			name = Login;
			sourceTree = "<group>";
		};
		5D998D601A39FA9C00B5FDB9 /* Keyboard */ = {
			isa = PBXGroup;
			children = (
				5D998D611A39FAB700B5FDB9 /* KeyboardViewController.h */,
				5D998D621A39FAB700B5FDB9 /* KeyboardViewController.m */,
			);
			name = Keyboard;
			sourceTree = "<group>";
		};
		5D998D641A39FE2A00B5FDB9 /* Contact */ = {
			isa = PBXGroup;
			children = (
				5D998D661A39FE4900B5FDB9 /* Contact.h */,
				5D998D671A39FE4900B5FDB9 /* Contact.m */,
			);
			name = Contact;
			sourceTree = "<group>";
		};
		5D998D691A3A0CDD00B5FDB9 /* Messaging */ = {
			isa = PBXGroup;
			children = (
				5D998D6A1A3A0D0C00B5FDB9 /* MessageViewController.h */,
				5D998D6B1A3A0D0C00B5FDB9 /* MessageViewController.m */,
				5D998D6D1A3A104E00B5FDB9 /* MessageItemCell.h */,
				5D998D6E1A3A104E00B5FDB9 /* MessageItemCell.m */,
				5D998D6F1A3A104E00B5FDB9 /* MessageItemCell.xib */,
			);
			name = Messaging;
			sourceTree = "<group>";
		};
		5D998D721A3A19D000B5FDB9 /* Message */ = {
			isa = PBXGroup;
			children = (
				5D998D731A3A19E500B5FDB9 /* Message.h */,
				5D998D741A3A19E500B5FDB9 /* Message.m */,
			);
			name = Message;
			sourceTree = "<group>";
		};
		5D998D761A3A216600B5FDB9 /* SocketIO */ = {
			isa = PBXGroup;
			children = (
				5D998D9C1A3A31A200B5FDB9 /* SocketRocket */,
				5D998D7B1A3A2E8C00B5FDB9 /* SocketIO.h */,
				5D998D7C1A3A2E8C00B5FDB9 /* SocketIO.m */,
				5D998D7D1A3A2E8C00B5FDB9 /* SocketIOJSONSerialization.h */,
				5D998D7E1A3A2E8C00B5FDB9 /* SocketIOJSONSerialization.m */,
				5D998D7F1A3A2E8C00B5FDB9 /* SocketIOPacket.h */,
				5D998D801A3A2E8C00B5FDB9 /* SocketIOPacket.m */,
				5D998D811A3A2E8C00B5FDB9 /* SocketIOTransport.h */,
				5D998D821A3A2E8C00B5FDB9 /* SocketIOTransportWebsocket.h */,
				5D998D831A3A2E8C00B5FDB9 /* SocketIOTransportWebsocket.m */,
				5D998D841A3A2E8C00B5FDB9 /* SocketIOTransportXHR.h */,
				5D998D851A3A2E8C00B5FDB9 /* SocketIOTransportXHR.m */,
			);
			name = SocketIO;
			sourceTree = "<group>";
		};
		5D998D9C1A3A31A200B5FDB9 /* SocketRocket */ = {
			isa = PBXGroup;
			children = (
				5D998D9D1A3A31A200B5FDB9 /* SocketRocket-Prefix.pch */,
				5D998D9E1A3A31A200B5FDB9 /* SRWebSocket.h */,
				5D998D9F1A3A31A200B5FDB9 /* SRWebSocket.m */,
			);
			path = SocketRocket;
			sourceTree = "<group>";
		};
/* End PBXGroup section */

/* Begin PBXNativeTarget section */
		5D998CE61A39C1F100B5FDB9 /* DotDemo */ = {
			isa = PBXNativeTarget;
			buildConfigurationList = 5D998D0A1A39C1F200B5FDB9 /* Build configuration list for PBXNativeTarget "DotDemo" */;
			buildPhases = (
				5D998CE31A39C1F100B5FDB9 /* Sources */,
				5D998CE41A39C1F100B5FDB9 /* Frameworks */,
				5D998CE51A39C1F100B5FDB9 /* Resources */,
			);
			buildRules = (
			);
			dependencies = (
			);
			name = DotDemo;
			productName = DotDemo;
			productReference = 5D998CE71A39C1F100B5FDB9 /* DotDemo.app */;
			productType = "com.apple.product-type.application";
		};
		5D998CFF1A39C1F100B5FDB9 /* DotDemoTests */ = {
			isa = PBXNativeTarget;
			buildConfigurationList = 5D998D0D1A39C1F200B5FDB9 /* Build configuration list for PBXNativeTarget "DotDemoTests" */;
			buildPhases = (
				5D998CFC1A39C1F100B5FDB9 /* Sources */,
				5D998CFD1A39C1F100B5FDB9 /* Frameworks */,
				5D998CFE1A39C1F100B5FDB9 /* Resources */,
			);
			buildRules = (
			);
			dependencies = (
				5D998D021A39C1F100B5FDB9 /* PBXTargetDependency */,
			);
			name = DotDemoTests;
			productName = DotDemoTests;
			productReference = 5D998D001A39C1F100B5FDB9 /* DotDemoTests.xctest */;
			productType = "com.apple.product-type.bundle.unit-test";
		};
/* End PBXNativeTarget section */

/* Begin PBXProject section */
		5D998CDF1A39C1F100B5FDB9 /* Project object */ = {
			isa = PBXProject;
			attributes = {
				LastUpgradeCheck = 0610;
				ORGANIZATIONNAME = Braison;
				TargetAttributes = {
					5D998CE61A39C1F100B5FDB9 = {
						CreatedOnToolsVersion = 6.1.1;
					};
					5D998CFF1A39C1F100B5FDB9 = {
						CreatedOnToolsVersion = 6.1.1;
						TestTargetID = 5D998CE61A39C1F100B5FDB9;
					};
				};
			};
			buildConfigurationList = 5D998CE21A39C1F100B5FDB9 /* Build configuration list for PBXProject "DotDemo" */;
			compatibilityVersion = "Xcode 3.2";
			developmentRegion = English;
			hasScannedForEncodings = 0;
			knownRegions = (
				en,
				Base,
			);
			mainGroup = 5D998CDE1A39C1F100B5FDB9;
			productRefGroup = 5D998CE81A39C1F100B5FDB9 /* Products */;
			projectDirPath = "";
			projectRoot = "";
			targets = (
				5D998CE61A39C1F100B5FDB9 /* DotDemo */,
				5D998CFF1A39C1F100B5FDB9 /* DotDemoTests */,
			);
		};
/* End PBXProject section */

/* Begin PBXResourcesBuildPhase section */
		5D998CE51A39C1F100B5FDB9 /* Resources */ = {
			isa = PBXResourcesBuildPhase;
			buildActionMask = 2147483647;
			files = (
				5D998D441A39DDFF00B5FDB9 /* alarm_icon.png in Resources */,
				5D998D481A39DDFF00B5FDB9 /* settings_icon.png in Resources */,
				5D998CF61A39C1F100B5FDB9 /* Main.storyboard in Resources */,
				5D998D4F1A39E95100B5FDB9 /* ContactItemCell.xib in Resources */,
				5D998D711A3A104E00B5FDB9 /* MessageItemCell.xib in Resources */,
				5D998CFB1A39C1F100B5FDB9 /* LaunchScreen.xib in Resources */,
				5D998CF81A39C1F100B5FDB9 /* Images.xcassets in Resources */,
				5D998D371A39DBE800B5FDB9 /* mainmenu.xib in Resources */,
				5D998D471A39DDFF00B5FDB9 /* next_icon.png in Resources */,
				5D998D451A39DDFF00B5FDB9 /* bus_icon.png in Resources */,
				5D998D491A39DDFF00B5FDB9 /* time_icon.png in Resources */,
				5D998D461A39DDFF00B5FDB9 /* msg_icon.png in Resources */,
				5D998D3C1A39DCAB00B5FDB9 /* MainMenuTableViewCell.xib in Resources */,
			);
			runOnlyForDeploymentPostprocessing = 0;
		};
		5D998CFE1A39C1F100B5FDB9 /* Resources */ = {
			isa = PBXResourcesBuildPhase;
			buildActionMask = 2147483647;
			files = (
			);
			runOnlyForDeploymentPostprocessing = 0;
		};
/* End PBXResourcesBuildPhase section */

/* Begin PBXSourcesBuildPhase section */
		5D998CE31A39C1F100B5FDB9 /* Sources */ = {
			isa = PBXSourcesBuildPhase;
			buildActionMask = 2147483647;
			files = (
				5D998D571A39EDF600B5FDB9 /* DotAPI.m in Sources */,
				5D998D5B1A39F2F600B5FDB9 /* Account.m in Sources */,
				5D998CF31A39C1F100B5FDB9 /* ViewController.m in Sources */,
				5D998D861A3A2E8C00B5FDB9 /* SocketIO.m in Sources */,
				5D998DA01A3A31A200B5FDB9 /* SRWebSocket.m in Sources */,
				5D998CF01A39C1F100B5FDB9 /* AppDelegate.m in Sources */,
				5D998D241A39C29000B5FDB9 /* LGService.m in Sources */,
				5D998D701A3A104E00B5FDB9 /* MessageItemCell.m in Sources */,
				5D998D881A3A2E8C00B5FDB9 /* SocketIOPacket.m in Sources */,
				5D998D231A39C29000B5FDB9 /* LGPeripheral.m in Sources */,
				5D998D6C1A3A0D0C00B5FDB9 /* MessageViewController.m in Sources */,
				5D998D891A3A2E8C00B5FDB9 /* SocketIOTransportWebsocket.m in Sources */,
				5D998D341A39DAF000B5FDB9 /* MainMenuViewController.m in Sources */,
				5D998D751A3A19E500B5FDB9 /* Message.m in Sources */,
				5D998D631A39FAB700B5FDB9 /* KeyboardViewController.m in Sources */,
				5D998D5F1A39F6D000B5FDB9 /* LoginViewController.m in Sources */,
				5D998CED1A39C1F100B5FDB9 /* main.m in Sources */,
				5D998D3B1A39DCAB00B5FDB9 /* MainMenuTableViewCell.m in Sources */,
				5D998D8A1A3A2E8C00B5FDB9 /* SocketIOTransportXHR.m in Sources */,
				5D998D211A39C29000B5FDB9 /* LGCentralManager.m in Sources */,
				5D998D301A39C6AC00B5FDB9 /* BLEManager.m in Sources */,
				5D998D201A39C29000B5FDB9 /* CBUUID+StringExtraction.m in Sources */,
				5D998D521A39E97100B5FDB9 /* ContactViewController.m in Sources */,
				5D998D4E1A39E95100B5FDB9 /* ContactItemCell.m in Sources */,
				5D998D251A39C29000B5FDB9 /* LGUtils.m in Sources */,
				5D998D221A39C29000B5FDB9 /* LGCharacteristic.m in Sources */,
				5D998D681A39FE4900B5FDB9 /* Contact.m in Sources */,
				5D998D871A3A2E8C00B5FDB9 /* SocketIOJSONSerialization.m in Sources */,
			);
			runOnlyForDeploymentPostprocessing = 0;
		};
		5D998CFC1A39C1F100B5FDB9 /* Sources */ = {
			isa = PBXSourcesBuildPhase;
			buildActionMask = 2147483647;
			files = (
				5D998D071A39C1F100B5FDB9 /* DotDemoTests.m in Sources */,
			);
			runOnlyForDeploymentPostprocessing = 0;
		};
/* End PBXSourcesBuildPhase section */

/* Begin PBXTargetDependency section */
		5D998D021A39C1F100B5FDB9 /* PBXTargetDependency */ = {
			isa = PBXTargetDependency;
			target = 5D998CE61A39C1F100B5FDB9 /* DotDemo */;
			targetProxy = 5D998D011A39C1F100B5FDB9 /* PBXContainerItemProxy */;
		};
/* End PBXTargetDependency section */

/* Begin PBXVariantGroup section */
		5D998CF41A39C1F100B5FDB9 /* Main.storyboard */ = {
			isa = PBXVariantGroup;
			children = (
				5D998CF51A39C1F100B5FDB9 /* Base */,
			);
			name = Main.storyboard;
			sourceTree = "<group>";
		};
		5D998CF91A39C1F100B5FDB9 /* LaunchScreen.xib */ = {
			isa = PBXVariantGroup;
			children = (
				5D998CFA1A39C1F100B5FDB9 /* Base */,
			);
			name = LaunchScreen.xib;
			sourceTree = "<group>";
		};
/* End PBXVariantGroup section */

/* Begin XCBuildConfiguration section */
		5D998D081A39C1F200B5FDB9 /* Debug */ = {
			isa = XCBuildConfiguration;
			buildSettings = {
				ALWAYS_SEARCH_USER_PATHS = NO;
				CLANG_CXX_LANGUAGE_STANDARD = "gnu++0x";
				CLANG_CXX_LIBRARY = "libc++";
				CLANG_ENABLE_MODULES = YES;
				CLANG_ENABLE_OBJC_ARC = YES;
				CLANG_WARN_BOOL_CONVERSION = YES;
				CLANG_WARN_CONSTANT_CONVERSION = YES;
				CLANG_WARN_DIRECT_OBJC_ISA_USAGE = YES_ERROR;
				CLANG_WARN_EMPTY_BODY = YES;
				CLANG_WARN_ENUM_CONVERSION = YES;
				CLANG_WARN_INT_CONVERSION = YES;
				CLANG_WARN_OBJC_ROOT_CLASS = YES_ERROR;
				CLANG_WARN_UNREACHABLE_CODE = YES;
				CLANG_WARN__DUPLICATE_METHOD_MATCH = YES;
				"CODE_SIGN_IDENTITY[sdk=iphoneos*]" = "iPhone Developer";
				COPY_PHASE_STRIP = NO;
				ENABLE_STRICT_OBJC_MSGSEND = YES;
				GCC_C_LANGUAGE_STANDARD = gnu99;
				GCC_DYNAMIC_NO_PIC = NO;
				GCC_OPTIMIZATION_LEVEL = 0;
				GCC_PREPROCESSOR_DEFINITIONS = (
					"DEBUG=1",
					"$(inherited)",
				);
				GCC_SYMBOLS_PRIVATE_EXTERN = NO;
				GCC_WARN_64_TO_32_BIT_CONVERSION = YES;
				GCC_WARN_ABOUT_RETURN_TYPE = YES_ERROR;
				GCC_WARN_UNDECLARED_SELECTOR = YES;
				GCC_WARN_UNINITIALIZED_AUTOS = YES_AGGRESSIVE;
				GCC_WARN_UNUSED_FUNCTION = YES;
				GCC_WARN_UNUSED_VARIABLE = YES;
				IPHONEOS_DEPLOYMENT_TARGET = 8.1;
				MTL_ENABLE_DEBUG_INFO = YES;
				ONLY_ACTIVE_ARCH = YES;
				SDKROOT = iphoneos;
			};
			name = Debug;
		};
		5D998D091A39C1F200B5FDB9 /* Release */ = {
			isa = XCBuildConfiguration;
			buildSettings = {
				ALWAYS_SEARCH_USER_PATHS = NO;
				CLANG_CXX_LANGUAGE_STANDARD = "gnu++0x";
				CLANG_CXX_LIBRARY = "libc++";
				CLANG_ENABLE_MODULES = YES;
				CLANG_ENABLE_OBJC_ARC = YES;
				CLANG_WARN_BOOL_CONVERSION = YES;
				CLANG_WARN_CONSTANT_CONVERSION = YES;
				CLANG_WARN_DIRECT_OBJC_ISA_USAGE = YES_ERROR;
				CLANG_WARN_EMPTY_BODY = YES;
				CLANG_WARN_ENUM_CONVERSION = YES;
				CLANG_WARN_INT_CONVERSION = YES;
				CLANG_WARN_OBJC_ROOT_CLASS = YES_ERROR;
				CLANG_WARN_UNREACHABLE_CODE = YES;
				CLANG_WARN__DUPLICATE_METHOD_MATCH = YES;
				"CODE_SIGN_IDENTITY[sdk=iphoneos*]" = "iPhone Developer";
				COPY_PHASE_STRIP = YES;
				ENABLE_NS_ASSERTIONS = NO;
				ENABLE_STRICT_OBJC_MSGSEND = YES;
				GCC_C_LANGUAGE_STANDARD = gnu99;
				GCC_WARN_64_TO_32_BIT_CONVERSION = YES;
				GCC_WARN_ABOUT_RETURN_TYPE = YES_ERROR;
				GCC_WARN_UNDECLARED_SELECTOR = YES;
				GCC_WARN_UNINITIALIZED_AUTOS = YES_AGGRESSIVE;
				GCC_WARN_UNUSED_FUNCTION = YES;
				GCC_WARN_UNUSED_VARIABLE = YES;
				IPHONEOS_DEPLOYMENT_TARGET = 8.1;
				MTL_ENABLE_DEBUG_INFO = NO;
				SDKROOT = iphoneos;
				VALIDATE_PRODUCT = YES;
			};
			name = Release;
		};
		5D998D0B1A39C1F200B5FDB9 /* Debug */ = {
			isa = XCBuildConfiguration;
			buildSettings = {
				ASSETCATALOG_COMPILER_APPICON_NAME = AppIcon;
				INFOPLIST_FILE = DotDemo/Info.plist;
				LD_RUNPATH_SEARCH_PATHS = "$(inherited) @executable_path/Frameworks";
				OTHER_LDFLAGS = "";
				PRODUCT_NAME = "$(TARGET_NAME)";
			};
			name = Debug;
		};
		5D998D0C1A39C1F200B5FDB9 /* Release */ = {
			isa = XCBuildConfiguration;
			buildSettings = {
				ASSETCATALOG_COMPILER_APPICON_NAME = AppIcon;
				INFOPLIST_FILE = DotDemo/Info.plist;
				LD_RUNPATH_SEARCH_PATHS = "$(inherited) @executable_path/Frameworks";
				OTHER_LDFLAGS = "";
				PRODUCT_NAME = "$(TARGET_NAME)";
			};
			name = Release;
		};
		5D998D0E1A39C1F200B5FDB9 /* Debug */ = {
			isa = XCBuildConfiguration;
			buildSettings = {
				BUNDLE_LOADER = "$(TEST_HOST)";
				FRAMEWORK_SEARCH_PATHS = (
					"$(SDKROOT)/Developer/Library/Frameworks",
					"$(inherited)",
				);
				GCC_PREPROCESSOR_DEFINITIONS = (
					"DEBUG=1",
					"$(inherited)",
				);
				INFOPLIST_FILE = DotDemoTests/Info.plist;
				LD_RUNPATH_SEARCH_PATHS = "$(inherited) @executable_path/Frameworks @loader_path/Frameworks";
				PRODUCT_NAME = "$(TARGET_NAME)";
				TEST_HOST = "$(BUILT_PRODUCTS_DIR)/DotDemo.app/DotDemo";
			};
			name = Debug;
		};
		5D998D0F1A39C1F200B5FDB9 /* Release */ = {
			isa = XCBuildConfiguration;
			buildSettings = {
				BUNDLE_LOADER = "$(TEST_HOST)";
				FRAMEWORK_SEARCH_PATHS = (
					"$(SDKROOT)/Developer/Library/Frameworks",
					"$(inherited)",
				);
				INFOPLIST_FILE = DotDemoTests/Info.plist;
				LD_RUNPATH_SEARCH_PATHS = "$(inherited) @executable_path/Frameworks @loader_path/Frameworks";
				PRODUCT_NAME = "$(TARGET_NAME)";
				TEST_HOST = "$(BUILT_PRODUCTS_DIR)/DotDemo.app/DotDemo";
			};
			name = Release;
		};
/* End XCBuildConfiguration section */

/* Begin XCConfigurationList section */
		5D998CE21A39C1F100B5FDB9 /* Build configuration list for PBXProject "DotDemo" */ = {
			isa = XCConfigurationList;
			buildConfigurations = (
				5D998D081A39C1F200B5FDB9 /* Debug */,
				5D998D091A39C1F200B5FDB9 /* Release */,
			);
			defaultConfigurationIsVisible = 0;
			defaultConfigurationName = Release;
		};
		5D998D0A1A39C1F200B5FDB9 /* Build configuration list for PBXNativeTarget "DotDemo" */ = {
			isa = XCConfigurationList;
			buildConfigurations = (
				5D998D0B1A39C1F200B5FDB9 /* Debug */,
				5D998D0C1A39C1F200B5FDB9 /* Release */,
			);
			defaultConfigurationIsVisible = 0;
			defaultConfigurationName = Release;
		};
		5D998D0D1A39C1F200B5FDB9 /* Build configuration list for PBXNativeTarget "DotDemoTests" */ = {
			isa = XCConfigurationList;
			buildConfigurations = (
				5D998D0E1A39C1F200B5FDB9 /* Debug */,
				5D998D0F1A39C1F200B5FDB9 /* Release */,
			);
			defaultConfigurationIsVisible = 0;
			defaultConfigurationName = Release;
		};
/* End XCConfigurationList section */
	};
	rootObject = 5D998CDF1A39C1F100B5FDB9 /* Project object */;
}
